
Microsoft Visual Studio Solution File, Format Version 12.00
# Visual Studio Version 17
VisualStudioVersion = 17.14.36414.22 d17.14
MinimumVisualStudioVersion = 10.0.40219.1
Project("{FAE04EC0-301F-11D3-BF4B-00C04F79EFBC}") = "EmployeeInterview.API", "EmployeeInterview.API.csproj", "{BE8D95AB-6560-4C38-B5B0-C39939A5A0D1}"
EndProject
Project("{FAE04EC0-301F-11D3-BF4B-00C04F79EFBC}") = "EmployeeInterview.ServiceLayer", "..\EmployeeInterview.ServiceLayer\EmployeeInterview.ServiceLayer.csproj", "{9751ECD4-A914-46CC-BDDF-A3677240048D}"
EndProject
Project("{FAE04EC0-301F-11D3-BF4B-00C04F79EFBC}") = "EmployeeInterview.DataAccessLayer", "..\EmployeeInterview.DataAccessLayer\EmployeeInterview.DataAccessLayer.csproj", "{09BB145E-63F7-4205-A445-E3D7B1017D59}"
EndProject
Global
	GlobalSection(SolutionConfigurationPlatforms) = preSolution
		Debug|Any CPU = Debug|Any CPU
		Release|Any CPU = Release|Any CPU
	EndGlobalSection
	GlobalSection(ProjectConfigurationPlatforms) = postSolution
		{BE8D95AB-6560-4C38-B5B0-C39939A5A0D1}.Debug|Any CPU.ActiveCfg = Debug|Any CPU
		{BE8D95AB-6560-4C38-B5B0-C39939A5A0D1}.Debug|Any CPU.Build.0 = Debug|Any CPU
		{BE8D95AB-6560-4C38-B5B0-C39939A5A0D1}.Release|Any CPU.ActiveCfg = Release|Any CPU
		{BE8D95AB-6560-4C38-B5B0-C39939A5A0D1}.Release|Any CPU.Build.0 = Release|Any CPU
		{9751ECD4-A914-46CC-BDDF-A3677240048D}.Debug|Any CPU.ActiveCfg = Debug|Any CPU
		{9751ECD4-A914-46CC-BDDF-A3677240048D}.Debug|Any CPU.Build.0 = Debug|Any CPU
		{9751ECD4-A914-46CC-BDDF-A3677240048D}.Release|Any CPU.ActiveCfg = Release|Any CPU
		{9751ECD4-A914-46CC-BDDF-A3677240048D}.Release|Any CPU.Build.0 = Release|Any CPU
		{09BB145E-63F7-4205-A445-E3D7B1017D59}.Debug|Any CPU.ActiveCfg = Debug|Any CPU
		{09BB145E-63F7-4205-A445-E3D7B1017D59}.Debug|Any CPU.Build.0 = Debug|Any CPU
		{09BB145E-63F7-4205-A445-E3D7B1017D59}.Release|Any CPU.ActiveCfg = Release|Any CPU
		{09BB145E-63F7-4205-A445-E3D7B1017D59}.Release|Any CPU.Build.0 = Release|Any CPU
	EndGlobalSection
	GlobalSection(SolutionProperties) = preSolution
		HideSolutionNode = FALSE
	EndGlobalSection
	GlobalSection(ExtensibilityGlobals) = postSolution
		SolutionGuid = {934D2E39-9081-482C-AF7E-0A6B658BE34C}
	EndGlobalSection
EndGlobal
